
Microsoft Visual Studio Solution File, Format Version 12.00
# Visual Studio Version 17
VisualStudioVersion = 17.11.35219.272
MinimumVisualStudioVersion = 10.0.40219.1
Project("{FAE04EC0-301F-11D3-BF4B-00C04F79EFBC}") = "Prueba_Conexion", "Prueba_Conexion\Prueba_Conexion.csproj", "{52812308-BBE6-4555-A24F-1EC504D2A112}"
EndProject
Global
	GlobalSection(SolutionConfigurationPlatforms) = preSolution
		Debug|Any CPU = Debug|Any CPU
		Release|Any CPU = Release|Any CPU
	EndGlobalSection
	GlobalSection(ProjectConfigurationPlatforms) = postSolution
		{52812308-BBE6-4555-A24F-1EC504D2A112}.Debug|Any CPU.ActiveCfg = Debug|Any CPU
		{52812308-BBE6-4555-A24F-1EC504D2A112}.Debug|Any CPU.Build.0 = Debug|Any CPU
		{52812308-BBE6-4555-A24F-1EC504D2A112}.Release|Any CPU.ActiveCfg = Release|Any CPU
		{52812308-BBE6-4555-A24F-1EC504D2A112}.Release|Any CPU.Build.0 = Release|Any CPU
	EndGlobalSection
	GlobalSection(SolutionProperties) = preSolution
		HideSolutionNode = FALSE
	EndGlobalSection
	GlobalSection(ExtensibilityGlobals) = postSolution
		SolutionGuid = {F806B310-CD92-48F0-B6F5-EB06FA31FBF1}
	EndGlobalSection
EndGlobal
